
Microsoft Visual Studio Solution File, Format Version 12.00
# Visual Studio Version 17
VisualStudioVersion = 17.5.002.0
MinimumVisualStudioVersion = 10.0.40219.1
Project("{9A19103F-16F7-4668-BE54-9A1E7A4F7556}") = "SupTier", "Site\SupTier.csproj", "{AA6C2C6A-9C0B-45AC-ABF0-89D171280590}"
EndProject
Global
	GlobalSection(SolutionConfigurationPlatforms) = preSolution
		Debug|Any CPU = Debug|Any CPU
		Release|Any CPU = Release|Any CPU
	EndGlobalSection
	GlobalSection(ProjectConfigurationPlatforms) = postSolution
		{AA6C2C6A-9C0B-45AC-ABF0-89D171280590}.Debug|Any CPU.ActiveCfg = Debug|Any CPU
		{AA6C2C6A-9C0B-45AC-ABF0-89D171280590}.Debug|Any CPU.Build.0 = Debug|Any CPU
		{AA6C2C6A-9C0B-45AC-ABF0-89D171280590}.Release|Any CPU.ActiveCfg = Release|Any CPU
		{AA6C2C6A-9C0B-45AC-ABF0-89D171280590}.Release|Any CPU.Build.0 = Release|Any CPU
	EndGlobalSection
	GlobalSection(SolutionProperties) = preSolution
		HideSolutionNode = FALSE
	EndGlobalSection
	GlobalSection(ExtensibilityGlobals) = postSolution
		SolutionGuid = {E3646324-FAE9-47B1-A4E2-74313B6F99A2}
	EndGlobalSection
EndGlobal
